{
  "originHash" : "7183e27c4e5cf40b8240be1e7e03fe9fe24c71d25159e86cd03d5b9741135fb0",
  "pins" : [
    {
      "identity" : "csqlite",
      "kind" : "remoteSourceControl",
      "location" : "https://github.com/simolus3/CSQLite.git",
      "state" : {
        "revision" : "1e65fe006d4fdb40c202e821a40c7c111ee21582"
      }
    }
  ],
  "version" : 3
}
