{
  "originHash" : "f1794cae3827c3d35cd4cc1ad2a3aba22d3f36ebf54b0cabcb045d1a8d28fec3",
  "pins" : [
    {
      "identity" : "csqlite",
      "kind" : "remoteSourceControl",
      "location" : "https://github.com/simolus3/CSQLite.git",
      "state" : {
        "revision" : "a8d28afef08ad8faa4ee9ef7845f61c2e8ac5810"
      }
    }
  ],
  "version" : 3
}
